
Microsoft Visual Studio Solution File, Format Version 12.00
# Visual Studio Version 17
VisualStudioVersion = 17.11.35303.130
MinimumVisualStudioVersion = 10.0.40219.1
Project("{9A19103F-16F7-4668-BE54-9A1E7A4F7556}") = "KoiFengShuiSystem.Api", "KoiFengShuiSystem.Api\KoiFengShuiSystem.Api.csproj", "{37D9681C-9011-4E36-83EB-518D7BEAD5D3}"
EndProject
Project("{9A19103F-16F7-4668-BE54-9A1E7A4F7556}") = "KoiFengShuiSystem.BusinessLogic", "KoiFengShuiSystem.Services\KoiFengShuiSystem.BusinessLogic.csproj", "{673C1C8A-D053-44EC-B262-F0C5688CB1E0}"
EndProject
Project("{9A19103F-16F7-4668-BE54-9A1E7A4F7556}") = "KoiFengShuiSystem.DataAccess", "KoiFengShuiSystem.DataAccess\KoiFengShuiSystem.DataAccess.csproj", "{B405B8A6-4C3A-41D3-8A3C-77E40C18C119}"
EndProject
Project("{9A19103F-16F7-4668-BE54-9A1E7A4F7556}") = "KoiFengShuiSystem.Shared", "KoiFengShuiSystem.Shared\KoiFengShuiSystem.Shared.csproj", "{5CC74CE2-7CC1-476F-8591-FA9780A7CF84}"
EndProject
Project("{FAE04EC0-301F-11D3-BF4B-00C04F79EFBC}") = "KoiFengShuiSystem.Common", "KoiFengShuiSystem.Common\KoiFengShuiSystem.Common.csproj", "{427AB135-A0D7-4E50-BBE7-26B7A040E21F}"
EndProject
Project("{2150E333-8FDC-42A3-9474-1A3956D46DE8}") = "src", "src", "{827E0CD3-B72D-47B6-A68D-7590B98EB39B}"
EndProject
Project("{2150E333-8FDC-42A3-9474-1A3956D46DE8}") = "Shared", "Shared", "{C8E42992-5E42-0C2B-DBFE-AA848D06431C}"
EndProject
Project("{FAE04EC0-301F-11D3-BF4B-00C04F79EFBC}") = "Shared.Kernel", "src\Shared\Shared.Kernel\Shared.Kernel.csproj", "{D0E7D7A1-1B02-44F9-A847-18360C438BCC}"
EndProject
Project("{FAE04EC0-301F-11D3-BF4B-00C04F79EFBC}") = "Shared.Infrastructure", "src\Shared\Shared.Infrastructure\Shared.Infrastructure.csproj", "{D2CC2D6B-6D23-4799-AAEB-EAB9DC3A8FFC}"
EndProject
Project("{2150E333-8FDC-42A3-9474-1A3956D46DE8}") = "tests", "tests", "{0AB3BF05-4346-4AA6-1389-037BE0695223}"
EndProject
Project("{FAE04EC0-301F-11D3-BF4B-00C04F79EFBC}") = "IntegrationTests", "tests\IntegrationTests\IntegrationTests.csproj", "{4F61307A-CE77-4004-A1A2-32787BE81635}"
EndProject
Project("{FAE04EC0-301F-11D3-BF4B-00C04F79EFBC}") = "UnitTests", "tests\UnitTests\UnitTests.csproj", "{A99A7EDB-7D6E-47F3-B4FD-F72B4F53BD82}"
EndProject
Project("{2150E333-8FDC-42A3-9474-1A3956D46DE8}") = "KoiFengShuiSystem.Services", "KoiFengShuiSystem.Services", "{AB626351-92B1-57C7-5FC1-A348FB637059}"
EndProject
Project("{FAE04EC0-301F-11D3-BF4B-00C04F79EFBC}") = "Host", "src\Host\Host.csproj", "{33F2A069-F83B-4B8B-A6DB-DC03C06B8896}"
EndProject
Project("{2150E333-8FDC-42A3-9474-1A3956D46DE8}") = "Modules", "Modules", "{EC447DCF-ABFA-6E24-52A5-D7FD48A5C558}"
EndProject
Project("{2150E333-8FDC-42A3-9474-1A3956D46DE8}") = "FengShui", "FengShui", "{5BFADBD6-E3C5-DCCA-B009-2E48D5B44DA5}"
EndProject
Project("{FAE04EC0-301F-11D3-BF4B-00C04F79EFBC}") = "FengShui.Domain", "src\Modules\FengShui\FengShui.Domain\FengShui.Domain.csproj", "{6652D221-17C5-4A48-8F1E-9486171F3A97}"
EndProject
Project("{FAE04EC0-301F-11D3-BF4B-00C04F79EFBC}") = "FengShui.Application", "src\Modules\FengShui\FengShui.Application\FengShui.Application.csproj", "{290B1418-52F4-4A52-AB15-20D39244542D}"
EndProject
Project("{FAE04EC0-301F-11D3-BF4B-00C04F79EFBC}") = "FengShui.Infrastructure", "src\Modules\FengShui\FengShui.Infrastructure\FengShui.Infrastructure.csproj", "{69D8B32E-1EAB-4476-A07C-4F14DE4E78C3}"
EndProject
Project("{FAE04EC0-301F-11D3-BF4B-00C04F79EFBC}") = "FengShui.Api", "src\Modules\FengShui\FengShui.Api\FengShui.Api.csproj", "{BE7852E3-AECC-4AE4-BC74-664EE41B6D8D}"
EndProject
Project("{2150E333-8FDC-42A3-9474-1A3956D46DE8}") = "Identity", "Identity", "{0EC62A1A-9858-3A60-8A0C-FC9AACFA2EC7}"
EndProject
Project("{FAE04EC0-301F-11D3-BF4B-00C04F79EFBC}") = "Identity.Domain", "src\Modules\Identity\Identity.Domain\Identity.Domain.csproj", "{AB47065E-DC6E-48F2-A813-2B5DB0618C35}"
EndProject
Project("{FAE04EC0-301F-11D3-BF4B-00C04F79EFBC}") = "Identity.Application", "src\Modules\Identity\Identity.Application\Identity.Application.csproj", "{FD7D05FD-6CFB-4536-BF66-2DC7F30681AC}"
EndProject
Project("{FAE04EC0-301F-11D3-BF4B-00C04F79EFBC}") = "Identity.Infrastructure", "src\Modules\Identity\Identity.Infrastructure\Identity.Infrastructure.csproj", "{E38EBDD1-BD3F-402E-91D2-87EC70DF723F}"
EndProject
Project("{FAE04EC0-301F-11D3-BF4B-00C04F79EFBC}") = "Identity.Api", "src\Modules\Identity\Identity.Api\Identity.Api.csproj", "{840FACBC-9E2A-4CC5-B487-8C4A7D2FBFD7}"
EndProject
Global
	GlobalSection(SolutionConfigurationPlatforms) = preSolution
		Debug|Any CPU = Debug|Any CPU
		Debug|x64 = Debug|x64
		Debug|x86 = Debug|x86
		Release|Any CPU = Release|Any CPU
		Release|x64 = Release|x64
		Release|x86 = Release|x86
	EndGlobalSection
	GlobalSection(ProjectConfigurationPlatforms) = postSolution
		{37D9681C-9011-4E36-83EB-518D7BEAD5D3}.Debug|Any CPU.ActiveCfg = Debug|Any CPU
		{37D9681C-9011-4E36-83EB-518D7BEAD5D3}.Debug|Any CPU.Build.0 = Debug|Any CPU
		{37D9681C-9011-4E36-83EB-518D7BEAD5D3}.Debug|x64.ActiveCfg = Debug|Any CPU
		{37D9681C-9011-4E36-83EB-518D7BEAD5D3}.Debug|x64.Build.0 = Debug|Any CPU
		{37D9681C-9011-4E36-83EB-518D7BEAD5D3}.Debug|x86.ActiveCfg = Debug|Any CPU
		{37D9681C-9011-4E36-83EB-518D7BEAD5D3}.Debug|x86.Build.0 = Debug|Any CPU
		{37D9681C-9011-4E36-83EB-518D7BEAD5D3}.Release|Any CPU.ActiveCfg = Release|Any CPU
		{37D9681C-9011-4E36-83EB-518D7BEAD5D3}.Release|Any CPU.Build.0 = Release|Any CPU
		{37D9681C-9011-4E36-83EB-518D7BEAD5D3}.Release|x64.ActiveCfg = Release|Any CPU
		{37D9681C-9011-4E36-83EB-518D7BEAD5D3}.Release|x64.Build.0 = Release|Any CPU
		{37D9681C-9011-4E36-83EB-518D7BEAD5D3}.Release|x86.ActiveCfg = Release|Any CPU
		{37D9681C-9011-4E36-83EB-518D7BEAD5D3}.Release|x86.Build.0 = Release|Any CPU
		{673C1C8A-D053-44EC-B262-F0C5688CB1E0}.Debug|Any CPU.ActiveCfg = Debug|Any CPU
		{673C1C8A-D053-44EC-B262-F0C5688CB1E0}.Debug|Any CPU.Build.0 = Debug|Any CPU
		{673C1C8A-D053-44EC-B262-F0C5688CB1E0}.Debug|x64.ActiveCfg = Debug|Any CPU
		{673C1C8A-D053-44EC-B262-F0C5688CB1E0}.Debug|x64.Build.0 = Debug|Any CPU
		{673C1C8A-D053-44EC-B262-F0C5688CB1E0}.Debug|x86.ActiveCfg = Debug|Any CPU
		{673C1C8A-D053-44EC-B262-F0C5688CB1E0}.Debug|x86.Build.0 = Debug|Any CPU
		{673C1C8A-D053-44EC-B262-F0C5688CB1E0}.Release|Any CPU.ActiveCfg = Release|Any CPU
		{673C1C8A-D053-44EC-B262-F0C5688CB1E0}.Release|Any CPU.Build.0 = Release|Any CPU
		{673C1C8A-D053-44EC-B262-F0C5688CB1E0}.Release|x64.ActiveCfg = Release|Any CPU
		{673C1C8A-D053-44EC-B262-F0C5688CB1E0}.Release|x64.Build.0 = Release|Any CPU
		{673C1C8A-D053-44EC-B262-F0C5688CB1E0}.Release|x86.ActiveCfg = Release|Any CPU
		{673C1C8A-D053-44EC-B262-F0C5688CB1E0}.Release|x86.Build.0 = Release|Any CPU
		{B405B8A6-4C3A-41D3-8A3C-77E40C18C119}.Debug|Any CPU.ActiveCfg = Debug|Any CPU
		{B405B8A6-4C3A-41D3-8A3C-77E40C18C119}.Debug|Any CPU.Build.0 = Debug|Any CPU
		{B405B8A6-4C3A-41D3-8A3C-77E40C18C119}.Debug|x64.ActiveCfg = Debug|Any CPU
		{B405B8A6-4C3A-41D3-8A3C-77E40C18C119}.Debug|x64.Build.0 = Debug|Any CPU
		{B405B8A6-4C3A-41D3-8A3C-77E40C18C119}.Debug|x86.ActiveCfg = Debug|Any CPU
		{B405B8A6-4C3A-41D3-8A3C-77E40C18C119}.Debug|x86.Build.0 = Debug|Any CPU
		{B405B8A6-4C3A-41D3-8A3C-77E40C18C119}.Release|Any CPU.ActiveCfg = Release|Any CPU
		{B405B8A6-4C3A-41D3-8A3C-77E40C18C119}.Release|Any CPU.Build.0 = Release|Any CPU
		{B405B8A6-4C3A-41D3-8A3C-77E40C18C119}.Release|x64.ActiveCfg = Release|Any CPU
		{B405B8A6-4C3A-41D3-8A3C-77E40C18C119}.Release|x64.Build.0 = Release|Any CPU
		{B405B8A6-4C3A-41D3-8A3C-77E40C18C119}.Release|x86.ActiveCfg = Release|Any CPU
		{B405B8A6-4C3A-41D3-8A3C-77E40C18C119}.Release|x86.Build.0 = Release|Any CPU
		{5CC74CE2-7CC1-476F-8591-FA9780A7CF84}.Debug|Any CPU.ActiveCfg = Debug|Any CPU
		{5CC74CE2-7CC1-476F-8591-FA9780A7CF84}.Debug|Any CPU.Build.0 = Debug|Any CPU
		{5CC74CE2-7CC1-476F-8591-FA9780A7CF84}.Debug|x64.ActiveCfg = Debug|Any CPU
		{5CC74CE2-7CC1-476F-8591-FA9780A7CF84}.Debug|x64.Build.0 = Debug|Any CPU
		{5CC74CE2-7CC1-476F-8591-FA9780A7CF84}.Debug|x86.ActiveCfg = Debug|Any CPU
		{5CC74CE2-7CC1-476F-8591-FA9780A7CF84}.Debug|x86.Build.0 = Debug|Any CPU
		{5CC74CE2-7CC1-476F-8591-FA9780A7CF84}.Release|Any CPU.ActiveCfg = Release|Any CPU
		{5CC74CE2-7CC1-476F-8591-FA9780A7CF84}.Release|Any CPU.Build.0 = Release|Any CPU
		{5CC74CE2-7CC1-476F-8591-FA9780A7CF84}.Release|x64.ActiveCfg = Release|Any CPU
		{5CC74CE2-7CC1-476F-8591-FA9780A7CF84}.Release|x64.Build.0 = Release|Any CPU
		{5CC74CE2-7CC1-476F-8591-FA9780A7CF84}.Release|x86.ActiveCfg = Release|Any CPU
		{5CC74CE2-7CC1-476F-8591-FA9780A7CF84}.Release|x86.Build.0 = Release|Any CPU
		{427AB135-A0D7-4E50-BBE7-26B7A040E21F}.Debug|Any CPU.ActiveCfg = Debug|Any CPU
		{427AB135-A0D7-4E50-BBE7-26B7A040E21F}.Debug|Any CPU.Build.0 = Debug|Any CPU
		{427AB135-A0D7-4E50-BBE7-26B7A040E21F}.Debug|x64.ActiveCfg = Debug|Any CPU
		{427AB135-A0D7-4E50-BBE7-26B7A040E21F}.Debug|x64.Build.0 = Debug|Any CPU
		{427AB135-A0D7-4E50-BBE7-26B7A040E21F}.Debug|x86.ActiveCfg = Debug|Any CPU
		{427AB135-A0D7-4E50-BBE7-26B7A040E21F}.Debug|x86.Build.0 = Debug|Any CPU
		{427AB135-A0D7-4E50-BBE7-26B7A040E21F}.Release|Any CPU.ActiveCfg = Release|Any CPU
		{427AB135-A0D7-4E50-BBE7-26B7A040E21F}.Release|Any CPU.Build.0 = Release|Any CPU
		{427AB135-A0D7-4E50-BBE7-26B7A040E21F}.Release|x64.ActiveCfg = Release|Any CPU
		{427AB135-A0D7-4E50-BBE7-26B7A040E21F}.Release|x64.Build.0 = Release|Any CPU
		{427AB135-A0D7-4E50-BBE7-26B7A040E21F}.Release|x86.ActiveCfg = Release|Any CPU
		{427AB135-A0D7-4E50-BBE7-26B7A040E21F}.Release|x86.Build.0 = Release|Any CPU
		{D0E7D7A1-1B02-44F9-A847-18360C438BCC}.Debug|Any CPU.ActiveCfg = Debug|Any CPU
		{D0E7D7A1-1B02-44F9-A847-18360C438BCC}.Debug|Any CPU.Build.0 = Debug|Any CPU
		{D0E7D7A1-1B02-44F9-A847-18360C438BCC}.Debug|x64.ActiveCfg = Debug|Any CPU
		{D0E7D7A1-1B02-44F9-A847-18360C438BCC}.Debug|x64.Build.0 = Debug|Any CPU
		{D0E7D7A1-1B02-44F9-A847-18360C438BCC}.Debug|x86.ActiveCfg = Debug|Any CPU
		{D0E7D7A1-1B02-44F9-A847-18360C438BCC}.Debug|x86.Build.0 = Debug|Any CPU
		{D0E7D7A1-1B02-44F9-A847-18360C438BCC}.Release|Any CPU.ActiveCfg = Release|Any CPU
		{D0E7D7A1-1B02-44F9-A847-18360C438BCC}.Release|Any CPU.Build.0 = Release|Any CPU
		{D0E7D7A1-1B02-44F9-A847-18360C438BCC}.Release|x64.ActiveCfg = Release|Any CPU
		{D0E7D7A1-1B02-44F9-A847-18360C438BCC}.Release|x64.Build.0 = Release|Any CPU
		{D0E7D7A1-1B02-44F9-A847-18360C438BCC}.Release|x86.ActiveCfg = Release|Any CPU
		{D0E7D7A1-1B02-44F9-A847-18360C438BCC}.Release|x86.Build.0 = Release|Any CPU
		{D2CC2D6B-6D23-4799-AAEB-EAB9DC3A8FFC}.Debug|Any CPU.ActiveCfg = Debug|Any CPU
		{D2CC2D6B-6D23-4799-AAEB-EAB9DC3A8FFC}.Debug|Any CPU.Build.0 = Debug|Any CPU
		{D2CC2D6B-6D23-4799-AAEB-EAB9DC3A8FFC}.Debug|x64.ActiveCfg = Debug|Any CPU
		{D2CC2D6B-6D23-4799-AAEB-EAB9DC3A8FFC}.Debug|x64.Build.0 = Debug|Any CPU
		{D2CC2D6B-6D23-4799-AAEB-EAB9DC3A8FFC}.Debug|x86.ActiveCfg = Debug|Any CPU
		{D2CC2D6B-6D23-4799-AAEB-EAB9DC3A8FFC}.Debug|x86.Build.0 = Debug|Any CPU
		{D2CC2D6B-6D23-4799-AAEB-EAB9DC3A8FFC}.Release|Any CPU.ActiveCfg = Release|Any CPU
		{D2CC2D6B-6D23-4799-AAEB-EAB9DC3A8FFC}.Release|Any CPU.Build.0 = Release|Any CPU
		{D2CC2D6B-6D23-4799-AAEB-EAB9DC3A8FFC}.Release|x64.ActiveCfg = Release|Any CPU
		{D2CC2D6B-6D23-4799-AAEB-EAB9DC3A8FFC}.Release|x64.Build.0 = Release|Any CPU
		{D2CC2D6B-6D23-4799-AAEB-EAB9DC3A8FFC}.Release|x86.ActiveCfg = Release|Any CPU
		{D2CC2D6B-6D23-4799-AAEB-EAB9DC3A8FFC}.Release|x86.Build.0 = Release|Any CPU
		{4F61307A-CE77-4004-A1A2-32787BE81635}.Debug|Any CPU.ActiveCfg = Debug|Any CPU
		{4F61307A-CE77-4004-A1A2-32787BE81635}.Debug|Any CPU.Build.0 = Debug|Any CPU
		{4F61307A-CE77-4004-A1A2-32787BE81635}.Debug|x64.ActiveCfg = Debug|Any CPU
		{4F61307A-CE77-4004-A1A2-32787BE81635}.Debug|x64.Build.0 = Debug|Any CPU
		{4F61307A-CE77-4004-A1A2-32787BE81635}.Debug|x86.ActiveCfg = Debug|Any CPU
		{4F61307A-CE77-4004-A1A2-32787BE81635}.Debug|x86.Build.0 = Debug|Any CPU
		{4F61307A-CE77-4004-A1A2-32787BE81635}.Release|Any CPU.ActiveCfg = Release|Any CPU
		{4F61307A-CE77-4004-A1A2-32787BE81635}.Release|Any CPU.Build.0 = Release|Any CPU
		{4F61307A-CE77-4004-A1A2-32787BE81635}.Release|x64.ActiveCfg = Release|Any CPU
		{4F61307A-CE77-4004-A1A2-32787BE81635}.Release|x64.Build.0 = Release|Any CPU
		{4F61307A-CE77-4004-A1A2-32787BE81635}.Release|x86.ActiveCfg = Release|Any CPU
		{4F61307A-CE77-4004-A1A2-32787BE81635}.Release|x86.Build.0 = Release|Any CPU
		{A99A7EDB-7D6E-47F3-B4FD-F72B4F53BD82}.Debug|Any CPU.ActiveCfg = Debug|Any CPU
		{A99A7EDB-7D6E-47F3-B4FD-F72B4F53BD82}.Debug|Any CPU.Build.0 = Debug|Any CPU
		{A99A7EDB-7D6E-47F3-B4FD-F72B4F53BD82}.Debug|x64.ActiveCfg = Debug|Any CPU
		{A99A7EDB-7D6E-47F3-B4FD-F72B4F53BD82}.Debug|x64.Build.0 = Debug|Any CPU
		{A99A7EDB-7D6E-47F3-B4FD-F72B4F53BD82}.Debug|x86.ActiveCfg = Debug|Any CPU
		{A99A7EDB-7D6E-47F3-B4FD-F72B4F53BD82}.Debug|x86.Build.0 = Debug|Any CPU
		{A99A7EDB-7D6E-47F3-B4FD-F72B4F53BD82}.Release|Any CPU.ActiveCfg = Release|Any CPU
		{A99A7EDB-7D6E-47F3-B4FD-F72B4F53BD82}.Release|Any CPU.Build.0 = Release|Any CPU
		{A99A7EDB-7D6E-47F3-B4FD-F72B4F53BD82}.Release|x64.ActiveCfg = Release|Any CPU
		{A99A7EDB-7D6E-47F3-B4FD-F72B4F53BD82}.Release|x64.Build.0 = Release|Any CPU
		{A99A7EDB-7D6E-47F3-B4FD-F72B4F53BD82}.Release|x86.ActiveCfg = Release|Any CPU
		{A99A7EDB-7D6E-47F3-B4FD-F72B4F53BD82}.Release|x86.Build.0 = Release|Any CPU
		{33F2A069-F83B-4B8B-A6DB-DC03C06B8896}.Debug|Any CPU.ActiveCfg = Debug|Any CPU
		{33F2A069-F83B-4B8B-A6DB-DC03C06B8896}.Debug|Any CPU.Build.0 = Debug|Any CPU
		{33F2A069-F83B-4B8B-A6DB-DC03C06B8896}.Debug|x64.ActiveCfg = Debug|Any CPU
		{33F2A069-F83B-4B8B-A6DB-DC03C06B8896}.Debug|x64.Build.0 = Debug|Any CPU
		{33F2A069-F83B-4B8B-A6DB-DC03C06B8896}.Debug|x86.ActiveCfg = Debug|Any CPU
		{33F2A069-F83B-4B8B-A6DB-DC03C06B8896}.Debug|x86.Build.0 = Debug|Any CPU
		{33F2A069-F83B-4B8B-A6DB-DC03C06B8896}.Release|Any CPU.ActiveCfg = Release|Any CPU
		{33F2A069-F83B-4B8B-A6DB-DC03C06B8896}.Release|Any CPU.Build.0 = Release|Any CPU
		{33F2A069-F83B-4B8B-A6DB-DC03C06B8896}.Release|x64.ActiveCfg = Release|Any CPU
		{33F2A069-F83B-4B8B-A6DB-DC03C06B8896}.Release|x64.Build.0 = Release|Any CPU
		{33F2A069-F83B-4B8B-A6DB-DC03C06B8896}.Release|x86.ActiveCfg = Release|Any CPU
		{33F2A069-F83B-4B8B-A6DB-DC03C06B8896}.Release|x86.Build.0 = Release|Any CPU
		{6652D221-17C5-4A48-8F1E-9486171F3A97}.Debug|Any CPU.ActiveCfg = Debug|Any CPU
		{6652D221-17C5-4A48-8F1E-9486171F3A97}.Debug|Any CPU.Build.0 = Debug|Any CPU
		{6652D221-17C5-4A48-8F1E-9486171F3A97}.Debug|x64.ActiveCfg = Debug|Any CPU
		{6652D221-17C5-4A48-8F1E-9486171F3A97}.Debug|x64.Build.0 = Debug|Any CPU
		{6652D221-17C5-4A48-8F1E-9486171F3A97}.Debug|x86.ActiveCfg = Debug|Any CPU
		{6652D221-17C5-4A48-8F1E-9486171F3A97}.Debug|x86.Build.0 = Debug|Any CPU
		{6652D221-17C5-4A48-8F1E-9486171F3A97}.Release|Any CPU.ActiveCfg = Release|Any CPU
		{6652D221-17C5-4A48-8F1E-9486171F3A97}.Release|Any CPU.Build.0 = Release|Any CPU
		{6652D221-17C5-4A48-8F1E-9486171F3A97}.Release|x64.ActiveCfg = Release|Any CPU
		{6652D221-17C5-4A48-8F1E-9486171F3A97}.Release|x64.Build.0 = Release|Any CPU
		{6652D221-17C5-4A48-8F1E-9486171F3A97}.Release|x86.ActiveCfg = Release|Any CPU
		{6652D221-17C5-4A48-8F1E-9486171F3A97}.Release|x86.Build.0 = Release|Any CPU
		{290B1418-52F4-4A52-AB15-20D39244542D}.Debug|Any CPU.ActiveCfg = Debug|Any CPU
		{290B1418-52F4-4A52-AB15-20D39244542D}.Debug|Any CPU.Build.0 = Debug|Any CPU
		{290B1418-52F4-4A52-AB15-20D39244542D}.Debug|x64.ActiveCfg = Debug|Any CPU
		{290B1418-52F4-4A52-AB15-20D39244542D}.Debug|x64.Build.0 = Debug|Any CPU
		{290B1418-52F4-4A52-AB15-20D39244542D}.Debug|x86.ActiveCfg = Debug|Any CPU
		{290B1418-52F4-4A52-AB15-20D39244542D}.Debug|x86.Build.0 = Debug|Any CPU
		{290B1418-52F4-4A52-AB15-20D39244542D}.Release|Any CPU.ActiveCfg = Release|Any CPU
		{290B1418-52F4-4A52-AB15-20D39244542D}.Release|Any CPU.Build.0 = Release|Any CPU
		{290B1418-52F4-4A52-AB15-20D39244542D}.Release|x64.ActiveCfg = Release|Any CPU
		{290B1418-52F4-4A52-AB15-20D39244542D}.Release|x64.Build.0 = Release|Any CPU
		{290B1418-52F4-4A52-AB15-20D39244542D}.Release|x86.ActiveCfg = Release|Any CPU
		{290B1418-52F4-4A52-AB15-20D39244542D}.Release|x86.Build.0 = Release|Any CPU
		{69D8B32E-1EAB-4476-A07C-4F14DE4E78C3}.Debug|Any CPU.ActiveCfg = Debug|Any CPU
		{69D8B32E-1EAB-4476-A07C-4F14DE4E78C3}.Debug|Any CPU.Build.0 = Debug|Any CPU
		{69D8B32E-1EAB-4476-A07C-4F14DE4E78C3}.Debug|x64.ActiveCfg = Debug|Any CPU
		{69D8B32E-1EAB-4476-A07C-4F14DE4E78C3}.Debug|x64.Build.0 = Debug|Any CPU
		{69D8B32E-1EAB-4476-A07C-4F14DE4E78C3}.Debug|x86.ActiveCfg = Debug|Any CPU
		{69D8B32E-1EAB-4476-A07C-4F14DE4E78C3}.Debug|x86.Build.0 = Debug|Any CPU
		{69D8B32E-1EAB-4476-A07C-4F14DE4E78C3}.Release|Any CPU.ActiveCfg = Release|Any CPU
		{69D8B32E-1EAB-4476-A07C-4F14DE4E78C3}.Release|Any CPU.Build.0 = Release|Any CPU
		{69D8B32E-1EAB-4476-A07C-4F14DE4E78C3}.Release|x64.ActiveCfg = Release|Any CPU
		{69D8B32E-1EAB-4476-A07C-4F14DE4E78C3}.Release|x64.Build.0 = Release|Any CPU
		{69D8B32E-1EAB-4476-A07C-4F14DE4E78C3}.Release|x86.ActiveCfg = Release|Any CPU
		{69D8B32E-1EAB-4476-A07C-4F14DE4E78C3}.Release|x86.Build.0 = Release|Any CPU
		{BE7852E3-AECC-4AE4-BC74-664EE41B6D8D}.Debug|Any CPU.ActiveCfg = Debug|Any CPU
		{BE7852E3-AECC-4AE4-BC74-664EE41B6D8D}.Debug|Any CPU.Build.0 = Debug|Any CPU
		{BE7852E3-AECC-4AE4-BC74-664EE41B6D8D}.Debug|x64.ActiveCfg = Debug|Any CPU
		{BE7852E3-AECC-4AE4-BC74-664EE41B6D8D}.Debug|x64.Build.0 = Debug|Any CPU
		{BE7852E3-AECC-4AE4-BC74-664EE41B6D8D}.Debug|x86.ActiveCfg = Debug|Any CPU
		{BE7852E3-AECC-4AE4-BC74-664EE41B6D8D}.Debug|x86.Build.0 = Debug|Any CPU
		{BE7852E3-AECC-4AE4-BC74-664EE41B6D8D}.Release|Any CPU.ActiveCfg = Release|Any CPU
		{BE7852E3-AECC-4AE4-BC74-664EE41B6D8D}.Release|Any CPU.Build.0 = Release|Any CPU
		{BE7852E3-AECC-4AE4-BC74-664EE41B6D8D}.Release|x64.ActiveCfg = Release|Any CPU
		{BE7852E3-AECC-4AE4-BC74-664EE41B6D8D}.Release|x64.Build.0 = Release|Any CPU
		{BE7852E3-AECC-4AE4-BC74-664EE41B6D8D}.Release|x86.ActiveCfg = Release|Any CPU
		{BE7852E3-AECC-4AE4-BC74-664EE41B6D8D}.Release|x86.Build.0 = Release|Any CPU
		{AB47065E-DC6E-48F2-A813-2B5DB0618C35}.Debug|Any CPU.ActiveCfg = Debug|Any CPU
		{AB47065E-DC6E-48F2-A813-2B5DB0618C35}.Debug|Any CPU.Build.0 = Debug|Any CPU
		{AB47065E-DC6E-48F2-A813-2B5DB0618C35}.Debug|x64.ActiveCfg = Debug|Any CPU
		{AB47065E-DC6E-48F2-A813-2B5DB0618C35}.Debug|x64.Build.0 = Debug|Any CPU
		{AB47065E-DC6E-48F2-A813-2B5DB0618C35}.Debug|x86.ActiveCfg = Debug|Any CPU
		{AB47065E-DC6E-48F2-A813-2B5DB0618C35}.Debug|x86.Build.0 = Debug|Any CPU
		{AB47065E-DC6E-48F2-A813-2B5DB0618C35}.Release|Any CPU.ActiveCfg = Release|Any CPU
		{AB47065E-DC6E-48F2-A813-2B5DB0618C35}.Release|Any CPU.Build.0 = Release|Any CPU
		{AB47065E-DC6E-48F2-A813-2B5DB0618C35}.Release|x64.ActiveCfg = Release|Any CPU
		{AB47065E-DC6E-48F2-A813-2B5DB0618C35}.Release|x64.Build.0 = Release|Any CPU
		{AB47065E-DC6E-48F2-A813-2B5DB0618C35}.Release|x86.ActiveCfg = Release|Any CPU
		{AB47065E-DC6E-48F2-A813-2B5DB0618C35}.Release|x86.Build.0 = Release|Any CPU
		{FD7D05FD-6CFB-4536-BF66-2DC7F30681AC}.Debug|Any CPU.ActiveCfg = Debug|Any CPU
		{FD7D05FD-6CFB-4536-BF66-2DC7F30681AC}.Debug|Any CPU.Build.0 = Debug|Any CPU
		{FD7D05FD-6CFB-4536-BF66-2DC7F30681AC}.Debug|x64.ActiveCfg = Debug|Any CPU
		{FD7D05FD-6CFB-4536-BF66-2DC7F30681AC}.Debug|x64.Build.0 = Debug|Any CPU
		{FD7D05FD-6CFB-4536-BF66-2DC7F30681AC}.Debug|x86.ActiveCfg = Debug|Any CPU
		{FD7D05FD-6CFB-4536-BF66-2DC7F30681AC}.Debug|x86.Build.0 = Debug|Any CPU
		{FD7D05FD-6CFB-4536-BF66-2DC7F30681AC}.Release|Any CPU.ActiveCfg = Release|Any CPU
		{FD7D05FD-6CFB-4536-BF66-2DC7F30681AC}.Release|Any CPU.Build.0 = Release|Any CPU
		{FD7D05FD-6CFB-4536-BF66-2DC7F30681AC}.Release|x64.ActiveCfg = Release|Any CPU
		{FD7D05FD-6CFB-4536-BF66-2DC7F30681AC}.Release|x64.Build.0 = Release|Any CPU
		{FD7D05FD-6CFB-4536-BF66-2DC7F30681AC}.Release|x86.ActiveCfg = Release|Any CPU
		{FD7D05FD-6CFB-4536-BF66-2DC7F30681AC}.Release|x86.Build.0 = Release|Any CPU
		{E38EBDD1-BD3F-402E-91D2-87EC70DF723F}.Debug|Any CPU.ActiveCfg = Debug|Any CPU
		{E38EBDD1-BD3F-402E-91D2-87EC70DF723F}.Debug|Any CPU.Build.0 = Debug|Any CPU
		{E38EBDD1-BD3F-402E-91D2-87EC70DF723F}.Debug|x64.ActiveCfg = Debug|Any CPU
		{E38EBDD1-BD3F-402E-91D2-87EC70DF723F}.Debug|x64.Build.0 = Debug|Any CPU
		{E38EBDD1-BD3F-402E-91D2-87EC70DF723F}.Debug|x86.ActiveCfg = Debug|Any CPU
		{E38EBDD1-BD3F-402E-91D2-87EC70DF723F}.Debug|x86.Build.0 = Debug|Any CPU
		{E38EBDD1-BD3F-402E-91D2-87EC70DF723F}.Release|Any CPU.ActiveCfg = Release|Any CPU
		{E38EBDD1-BD3F-402E-91D2-87EC70DF723F}.Release|Any CPU.Build.0 = Release|Any CPU
		{E38EBDD1-BD3F-402E-91D2-87EC70DF723F}.Release|x64.ActiveCfg = Release|Any CPU
		{E38EBDD1-BD3F-402E-91D2-87EC70DF723F}.Release|x64.Build.0 = Release|Any CPU
		{E38EBDD1-BD3F-402E-91D2-87EC70DF723F}.Release|x86.ActiveCfg = Release|Any CPU
		{E38EBDD1-BD3F-402E-91D2-87EC70DF723F}.Release|x86.Build.0 = Release|Any CPU
		{840FACBC-9E2A-4CC5-B487-8C4A7D2FBFD7}.Debug|Any CPU.ActiveCfg = Debug|Any CPU
		{840FACBC-9E2A-4CC5-B487-8C4A7D2FBFD7}.Debug|Any CPU.Build.0 = Debug|Any CPU
		{840FACBC-9E2A-4CC5-B487-8C4A7D2FBFD7}.Debug|x64.ActiveCfg = Debug|Any CPU
		{840FACBC-9E2A-4CC5-B487-8C4A7D2FBFD7}.Debug|x64.Build.0 = Debug|Any CPU
		{840FACBC-9E2A-4CC5-B487-8C4A7D2FBFD7}.Debug|x86.ActiveCfg = Debug|Any CPU
		{840FACBC-9E2A-4CC5-B487-8C4A7D2FBFD7}.Debug|x86.Build.0 = Debug|Any CPU
		{840FACBC-9E2A-4CC5-B487-8C4A7D2FBFD7}.Release|Any CPU.ActiveCfg = Release|Any CPU
		{840FACBC-9E2A-4CC5-B487-8C4A7D2FBFD7}.Release|Any CPU.Build.0 = Release|Any CPU
		{840FACBC-9E2A-4CC5-B487-8C4A7D2FBFD7}.Release|x64.ActiveCfg = Release|Any CPU
		{840FACBC-9E2A-4CC5-B487-8C4A7D2FBFD7}.Release|x64.Build.0 = Release|Any CPU
		{840FACBC-9E2A-4CC5-B487-8C4A7D2FBFD7}.Release|x86.ActiveCfg = Release|Any CPU
		{840FACBC-9E2A-4CC5-B487-8C4A7D2FBFD7}.Release|x86.Build.0 = Release|Any CPU
	EndGlobalSection
	GlobalSection(SolutionProperties) = preSolution
		HideSolutionNode = FALSE
	EndGlobalSection
	GlobalSection(NestedProjects) = preSolution
		{C8E42992-5E42-0C2B-DBFE-AA848D06431C} = {827E0CD3-B72D-47B6-A68D-7590B98EB39B}
		{D0E7D7A1-1B02-44F9-A847-18360C438BCC} = {C8E42992-5E42-0C2B-DBFE-AA848D06431C}
		{D2CC2D6B-6D23-4799-AAEB-EAB9DC3A8FFC} = {C8E42992-5E42-0C2B-DBFE-AA848D06431C}
		{4F61307A-CE77-4004-A1A2-32787BE81635} = {0AB3BF05-4346-4AA6-1389-037BE0695223}
		{A99A7EDB-7D6E-47F3-B4FD-F72B4F53BD82} = {0AB3BF05-4346-4AA6-1389-037BE0695223}
		{33F2A069-F83B-4B8B-A6DB-DC03C06B8896} = {827E0CD3-B72D-47B6-A68D-7590B98EB39B}
		{EC447DCF-ABFA-6E24-52A5-D7FD48A5C558} = {827E0CD3-B72D-47B6-A68D-7590B98EB39B}
		{5BFADBD6-E3C5-DCCA-B009-2E48D5B44DA5} = {EC447DCF-ABFA-6E24-52A5-D7FD48A5C558}
		{6652D221-17C5-4A48-8F1E-9486171F3A97} = {5BFADBD6-E3C5-DCCA-B009-2E48D5B44DA5}
		{290B1418-52F4-4A52-AB15-20D39244542D} = {5BFADBD6-E3C5-DCCA-B009-2E48D5B44DA5}
		{69D8B32E-1EAB-4476-A07C-4F14DE4E78C3} = {5BFADBD6-E3C5-DCCA-B009-2E48D5B44DA5}
		{BE7852E3-AECC-4AE4-BC74-664EE41B6D8D} = {5BFADBD6-E3C5-DCCA-B009-2E48D5B44DA5}
		{0EC62A1A-9858-3A60-8A0C-FC9AACFA2EC7} = {EC447DCF-ABFA-6E24-52A5-D7FD48A5C558}
		{AB47065E-DC6E-48F2-A813-2B5DB0618C35} = {0EC62A1A-9858-3A60-8A0C-FC9AACFA2EC7}
		{FD7D05FD-6CFB-4536-BF66-2DC7F30681AC} = {0EC62A1A-9858-3A60-8A0C-FC9AACFA2EC7}
		{E38EBDD1-BD3F-402E-91D2-87EC70DF723F} = {0EC62A1A-9858-3A60-8A0C-FC9AACFA2EC7}
		{840FACBC-9E2A-4CC5-B487-8C4A7D2FBFD7} = {0EC62A1A-9858-3A60-8A0C-FC9AACFA2EC7}
	EndGlobalSection
	GlobalSection(ExtensibilityGlobals) = postSolution
		SolutionGuid = {1DEA284D-23F2-4B5F-A10E-3E81D6654FBF}
	EndGlobalSection
EndGlobal
